
Microsoft Visual Studio Solution File, Format Version 12.00
# Visual Studio Version 17
VisualStudioVersion = 17.3.32819.101
MinimumVisualStudioVersion = 10.0.40219.1
Project("{FAE04EC0-301F-11D3-BF4B-00C04F79EFBC}") = "conversion_and_conditionals", "conversion_and_conditionals.csproj", "{4A9BC11F-3C88-4FD1-9D43-987534B4442A}"
EndProject
Global
	GlobalSection(SolutionConfigurationPlatforms) = preSolution
		Debug|Any CPU = Debug|Any CPU
		Release|Any CPU = Release|Any CPU
	EndGlobalSection
	GlobalSection(ProjectConfigurationPlatforms) = postSolution
		{4A9BC11F-3C88-4FD1-9D43-987534B4442A}.Debug|Any CPU.ActiveCfg = Debug|Any CPU
		{4A9BC11F-3C88-4FD1-9D43-987534B4442A}.Debug|Any CPU.Build.0 = Debug|Any CPU
		{4A9BC11F-3C88-4FD1-9D43-987534B4442A}.Release|Any CPU.ActiveCfg = Release|Any CPU
		{4A9BC11F-3C88-4FD1-9D43-987534B4442A}.Release|Any CPU.Build.0 = Release|Any CPU
	EndGlobalSection
	GlobalSection(SolutionProperties) = preSolution
		HideSolutionNode = FALSE
	EndGlobalSection
	GlobalSection(ExtensibilityGlobals) = postSolution
		SolutionGuid = {569B3302-051B-45EA-9276-E65F3FB60DDD}
	EndGlobalSection
EndGlobal
