
Microsoft Visual Studio Solution File, Format Version 12.00
# Visual Studio Version 17
VisualStudioVersion = 17.3.32819.101
MinimumVisualStudioVersion = 10.0.40219.1
Project("{FAE04EC0-301F-11D3-BF4B-00C04F79EFBC}") = "arrays", "arrays.csproj", "{5400A883-76A7-4163-AEF8-6BF82F761028}"
EndProject
Global
	GlobalSection(SolutionConfigurationPlatforms) = preSolution
		Debug|Any CPU = Debug|Any CPU
		Release|Any CPU = Release|Any CPU
	EndGlobalSection
	GlobalSection(ProjectConfigurationPlatforms) = postSolution
		{5400A883-76A7-4163-AEF8-6BF82F761028}.Debug|Any CPU.ActiveCfg = Debug|Any CPU
		{5400A883-76A7-4163-AEF8-6BF82F761028}.Debug|Any CPU.Build.0 = Debug|Any CPU
		{5400A883-76A7-4163-AEF8-6BF82F761028}.Release|Any CPU.ActiveCfg = Release|Any CPU
		{5400A883-76A7-4163-AEF8-6BF82F761028}.Release|Any CPU.Build.0 = Release|Any CPU
	EndGlobalSection
	GlobalSection(SolutionProperties) = preSolution
		HideSolutionNode = FALSE
	EndGlobalSection
	GlobalSection(ExtensibilityGlobals) = postSolution
		SolutionGuid = {A7ECEDE5-2B30-46BB-9B4C-9B38F19F7484}
	EndGlobalSection
EndGlobal
